
Microsoft Visual Studio Solution File, Format Version 12.00
# Visual Studio Version 17
VisualStudioVersion = 17.0.31903.59
MinimumVisualStudioVersion = 10.0.40219.1
Project("{2150E333-8FDC-42A3-9474-1A3956D46DE8}") = "src", "src", "{72A1FF50-9907-4083-AA92-8159970375B3}"
EndProject
Project("{2150E333-8FDC-42A3-9474-1A3956D46DE8}") = "Usuarios", "Usuarios", "{86092AA1-47CE-4EEB-827D-E485FE8EEC75}"
EndProject
Project("{FAE04EC0-301F-11D3-BF4B-00C04F79EFBC}") = "Usuarios.Domain", "src\Usuarios\Usuarios.Domain\Usuarios.Domain.csproj", "{DD89CA03-99AD-4CCD-818D-64B2233EEF5B}"
EndProject
Project("{FAE04EC0-301F-11D3-BF4B-00C04F79EFBC}") = "Usuarios.Application", "src\Usuarios\Usuarios.Application\Usuarios.Application.csproj", "{34B41CD0-5B2F-4935-95D4-2C8F2FAB0BD7}"
EndProject
Project("{FAE04EC0-301F-11D3-BF4B-00C04F79EFBC}") = "Usuarios.Infrastructure", "src\Usuarios\Usuarios.Infrastructure\Usuarios.Infrastructure.csproj", "{9BF72D6C-DC11-4CDE-AD17-953BFA758AC4}"
EndProject
Project("{FAE04EC0-301F-11D3-BF4B-00C04F79EFBC}") = "Usuarios.Api", "src\Usuarios\Usuarios.Api\Usuarios.Api.csproj", "{A6C53650-14FA-4215-8D1D-9E2DBFC96947}"
EndProject
Global
	GlobalSection(SolutionConfigurationPlatforms) = preSolution
		Debug|Any CPU = Debug|Any CPU
		Release|Any CPU = Release|Any CPU
	EndGlobalSection
	GlobalSection(SolutionProperties) = preSolution
		HideSolutionNode = FALSE
	EndGlobalSection
	GlobalSection(ProjectConfigurationPlatforms) = postSolution
		{DD89CA03-99AD-4CCD-818D-64B2233EEF5B}.Debug|Any CPU.ActiveCfg = Debug|Any CPU
		{DD89CA03-99AD-4CCD-818D-64B2233EEF5B}.Debug|Any CPU.Build.0 = Debug|Any CPU
		{DD89CA03-99AD-4CCD-818D-64B2233EEF5B}.Release|Any CPU.ActiveCfg = Release|Any CPU
		{DD89CA03-99AD-4CCD-818D-64B2233EEF5B}.Release|Any CPU.Build.0 = Release|Any CPU
		{34B41CD0-5B2F-4935-95D4-2C8F2FAB0BD7}.Debug|Any CPU.ActiveCfg = Debug|Any CPU
		{34B41CD0-5B2F-4935-95D4-2C8F2FAB0BD7}.Debug|Any CPU.Build.0 = Debug|Any CPU
		{34B41CD0-5B2F-4935-95D4-2C8F2FAB0BD7}.Release|Any CPU.ActiveCfg = Release|Any CPU
		{34B41CD0-5B2F-4935-95D4-2C8F2FAB0BD7}.Release|Any CPU.Build.0 = Release|Any CPU
		{9BF72D6C-DC11-4CDE-AD17-953BFA758AC4}.Debug|Any CPU.ActiveCfg = Debug|Any CPU
		{9BF72D6C-DC11-4CDE-AD17-953BFA758AC4}.Debug|Any CPU.Build.0 = Debug|Any CPU
		{9BF72D6C-DC11-4CDE-AD17-953BFA758AC4}.Release|Any CPU.ActiveCfg = Release|Any CPU
		{9BF72D6C-DC11-4CDE-AD17-953BFA758AC4}.Release|Any CPU.Build.0 = Release|Any CPU
		{A6C53650-14FA-4215-8D1D-9E2DBFC96947}.Debug|Any CPU.ActiveCfg = Debug|Any CPU
		{A6C53650-14FA-4215-8D1D-9E2DBFC96947}.Debug|Any CPU.Build.0 = Debug|Any CPU
		{A6C53650-14FA-4215-8D1D-9E2DBFC96947}.Release|Any CPU.ActiveCfg = Release|Any CPU
		{A6C53650-14FA-4215-8D1D-9E2DBFC96947}.Release|Any CPU.Build.0 = Release|Any CPU
	EndGlobalSection
	GlobalSection(NestedProjects) = preSolution
		{86092AA1-47CE-4EEB-827D-E485FE8EEC75} = {72A1FF50-9907-4083-AA92-8159970375B3}
		{DD89CA03-99AD-4CCD-818D-64B2233EEF5B} = {86092AA1-47CE-4EEB-827D-E485FE8EEC75}
		{34B41CD0-5B2F-4935-95D4-2C8F2FAB0BD7} = {86092AA1-47CE-4EEB-827D-E485FE8EEC75}
		{9BF72D6C-DC11-4CDE-AD17-953BFA758AC4} = {86092AA1-47CE-4EEB-827D-E485FE8EEC75}
		{A6C53650-14FA-4215-8D1D-9E2DBFC96947} = {86092AA1-47CE-4EEB-827D-E485FE8EEC75}
	EndGlobalSection
EndGlobal
